
Microsoft Visual Studio Solution File, Format Version 12.00
# Visual Studio 15
VisualStudioVersion = 15.0.26430.14
MinimumVisualStudioVersion = 10.0.40219.1
Project("{FAE04EC0-301F-11D3-BF4B-00C04F79EFBC}") = "event-bus-api", "event-bus-api\event-bus-api.csproj", "{70CABDD8-F02E-41A3-BAB9-FFF717A228EA}"
EndProject
Project("{FAE04EC0-301F-11D3-BF4B-00C04F79EFBC}") = "order-api", "order-api\order-api.csproj", "{0F04D188-F2CA-4DE6-8686-B6B50A06D508}"
EndProject
Project("{FAE04EC0-301F-11D3-BF4B-00C04F79EFBC}") = "Hdq.RestBus.Subscriber", "Hdq.RestBus.Subscriber\Hdq.RestBus.Subscriber.csproj", "{45F11050-F276-4C3C-9C6D-B50D578EDC2D}"
EndProject
Project("{FAE04EC0-301F-11D3-BF4B-00C04F79EFBC}") = "Hdq.RestBus.Subscriber.Tests", "Hdq.RestBus.Subscriber.Tests\Hdq.RestBus.Subscriber.Tests.csproj", "{57527FED-588D-48B3-B883-E3703821F2A7}"
EndProject
Project("{FAE04EC0-301F-11D3-BF4B-00C04F79EFBC}") = "statistics-service", "statistics-service\statistics-service.csproj", "{A637739A-84A9-44C6-967B-0CA822C69021}"
EndProject
Project("{FAE04EC0-301F-11D3-BF4B-00C04F79EFBC}") = "statistics-service-tests", "statistics-service-tests\statistics-service-tests.csproj", "{B4EE23C8-ACCD-406A-981E-167B7106BD4F}"
EndProject
Global
	GlobalSection(SolutionConfigurationPlatforms) = preSolution
		Debug|Any CPU = Debug|Any CPU
		Release|Any CPU = Release|Any CPU
	EndGlobalSection
	GlobalSection(ProjectConfigurationPlatforms) = postSolution
		{70CABDD8-F02E-41A3-BAB9-FFF717A228EA}.Debug|Any CPU.ActiveCfg = Debug|Any CPU
		{70CABDD8-F02E-41A3-BAB9-FFF717A228EA}.Debug|Any CPU.Build.0 = Debug|Any CPU
		{70CABDD8-F02E-41A3-BAB9-FFF717A228EA}.Release|Any CPU.ActiveCfg = Release|Any CPU
		{70CABDD8-F02E-41A3-BAB9-FFF717A228EA}.Release|Any CPU.Build.0 = Release|Any CPU
		{0F04D188-F2CA-4DE6-8686-B6B50A06D508}.Debug|Any CPU.ActiveCfg = Debug|Any CPU
		{0F04D188-F2CA-4DE6-8686-B6B50A06D508}.Debug|Any CPU.Build.0 = Debug|Any CPU
		{0F04D188-F2CA-4DE6-8686-B6B50A06D508}.Release|Any CPU.ActiveCfg = Release|Any CPU
		{0F04D188-F2CA-4DE6-8686-B6B50A06D508}.Release|Any CPU.Build.0 = Release|Any CPU
		{45F11050-F276-4C3C-9C6D-B50D578EDC2D}.Debug|Any CPU.ActiveCfg = Debug|Any CPU
		{45F11050-F276-4C3C-9C6D-B50D578EDC2D}.Debug|Any CPU.Build.0 = Debug|Any CPU
		{45F11050-F276-4C3C-9C6D-B50D578EDC2D}.Release|Any CPU.ActiveCfg = Release|Any CPU
		{45F11050-F276-4C3C-9C6D-B50D578EDC2D}.Release|Any CPU.Build.0 = Release|Any CPU
		{57527FED-588D-48B3-B883-E3703821F2A7}.Debug|Any CPU.ActiveCfg = Debug|Any CPU
		{57527FED-588D-48B3-B883-E3703821F2A7}.Debug|Any CPU.Build.0 = Debug|Any CPU
		{57527FED-588D-48B3-B883-E3703821F2A7}.Release|Any CPU.ActiveCfg = Release|Any CPU
		{57527FED-588D-48B3-B883-E3703821F2A7}.Release|Any CPU.Build.0 = Release|Any CPU
		{A637739A-84A9-44C6-967B-0CA822C69021}.Debug|Any CPU.ActiveCfg = Debug|Any CPU
		{A637739A-84A9-44C6-967B-0CA822C69021}.Debug|Any CPU.Build.0 = Debug|Any CPU
		{A637739A-84A9-44C6-967B-0CA822C69021}.Release|Any CPU.ActiveCfg = Release|Any CPU
		{A637739A-84A9-44C6-967B-0CA822C69021}.Release|Any CPU.Build.0 = Release|Any CPU
		{B4EE23C8-ACCD-406A-981E-167B7106BD4F}.Debug|Any CPU.ActiveCfg = Debug|Any CPU
		{B4EE23C8-ACCD-406A-981E-167B7106BD4F}.Debug|Any CPU.Build.0 = Debug|Any CPU
		{B4EE23C8-ACCD-406A-981E-167B7106BD4F}.Release|Any CPU.ActiveCfg = Release|Any CPU
		{B4EE23C8-ACCD-406A-981E-167B7106BD4F}.Release|Any CPU.Build.0 = Release|Any CPU
	EndGlobalSection
	GlobalSection(SolutionProperties) = preSolution
		HideSolutionNode = FALSE
	EndGlobalSection
EndGlobal
